// !$*UTF8*$!
{
	archiveVersion = 1;
	classes = {
	};
	objectVersion = 46;
	objects = {

/* Begin PBXBuildFile section */
		30B5582D19728683007C4F80 /* Foundation.framework in Frameworks */ = {isa = PBXBuildFile; fileRef = 30B5582C19728683007C4F80 /* Foundation.framework */; };
		30B5582F19728683007C4F80 /* CoreGraphics.framework in Frameworks */ = {isa = PBXBuildFile; fileRef = 30B5582E19728683007C4F80 /* CoreGraphics.framework */; };
		30B5583119728683007C4F80 /* UIKit.framework in Frameworks */ = {isa = PBXBuildFile; fileRef = 30B5583019728683007C4F80 /* UIKit.framework */; };
		30B5583719728683007C4F80 /* InfoPlist.strings in Resources */ = {isa = PBXBuildFile; fileRef = 30B5583519728683007C4F80 /* InfoPlist.strings */; };
		30B5583919728683007C4F80 /* main.m in Sources */ = {isa = PBXBuildFile; fileRef = 30B5583819728683007C4F80 /* main.m */; };
		30B5583D19728683007C4F80 /* TCDAppDelegate.m in Sources */ = {isa = PBXBuildFile; fileRef = 30B5583C19728683007C4F80 /* TCDAppDelegate.m */; };
		30B5584019728683007C4F80 /* Main.storyboard in Resources */ = {isa = PBXBuildFile; fileRef = 30B5583E19728683007C4F80 /* Main.storyboard */; };
		30B5584519728683007C4F80 /* Images.xcassets in Resources */ = {isa = PBXBuildFile; fileRef = 30B5584419728683007C4F80 /* Images.xcassets */; };
		30B5584C19728683007C4F80 /* XCTest.framework in Frameworks */ = {isa = PBXBuildFile; fileRef = 30B5584B19728683007C4F80 /* XCTest.framework */; };
		30B5584D19728683007C4F80 /* Foundation.framework in Frameworks */ = {isa = PBXBuildFile; fileRef = 30B5582C19728683007C4F80 /* Foundation.framework */; };
		30B5584E19728683007C4F80 /* UIKit.framework in Frameworks */ = {isa = PBXBuildFile; fileRef = 30B5583019728683007C4F80 /* UIKit.framework */; };
		30B5585619728683007C4F80 /* InfoPlist.strings in Resources */ = {isa = PBXBuildFile; fileRef = 30B5585419728683007C4F80 /* InfoPlist.strings */; };
		30B5585819728683007C4F80 /* ZooHostelTests.m in Sources */ = {isa = PBXBuildFile; fileRef = 30B5585719728683007C4F80 /* ZooHostelTests.m */; };
		30B5586319728B51007C4F80 /* TCDMenuViewController.m in Sources */ = {isa = PBXBuildFile; fileRef = 30B5586219728B51007C4F80 /* TCDMenuViewController.m */; };
		30B5586619728D48007C4F80 /* TCDContactsViewController.m in Sources */ = {isa = PBXBuildFile; fileRef = 30B5586519728D48007C4F80 /* TCDContactsViewController.m */; };
		30B5586C19729BED007C4F80 /* TCDPhotoViewController.m in Sources */ = {isa = PBXBuildFile; fileRef = 30B5586B19729BED007C4F80 /* TCDPhotoViewController.m */; };
		30B558721972B34E007C4F80 /* ArrayDataSource.m in Sources */ = {isa = PBXBuildFile; fileRef = 30B558711972B34E007C4F80 /* ArrayDataSource.m */; };
		30B558751972B42C007C4F80 /* ArrayDelegate.m in Sources */ = {isa = PBXBuildFile; fileRef = 30B558741972B42C007C4F80 /* ArrayDelegate.m */; };
		30B558781972B6DF007C4F80 /* Photo.plist in Resources */ = {isa = PBXBuildFile; fileRef = 30B558771972B6DF007C4F80 /* Photo.plist */; };
		30B5587C1972CA25007C4F80 /* TCDPhotoCollectionViewCell.m in Sources */ = {isa = PBXBuildFile; fileRef = 30B5587B1972CA25007C4F80 /* TCDPhotoCollectionViewCell.m */; };
		30B5587F19732584007C4F80 /* TCDMainViewController.m in Sources */ = {isa = PBXBuildFile; fileRef = 30B5587E19732584007C4F80 /* TCDMainViewController.m */; };
		30BC36A8197AD7560098F43F /* TCDAboutUsViewController.m in Sources */ = {isa = PBXBuildFile; fileRef = 30BC36A7197AD7560098F43F /* TCDAboutUsViewController.m */; };
		30BC36AB197AD8120098F43F /* TCDProgramTypesViewController.m in Sources */ = {isa = PBXBuildFile; fileRef = 30BC36AA197AD8120098F43F /* TCDProgramTypesViewController.m */; };
		30BC36AE197ADFAF0098F43F /* TCDCrewViewController.m in Sources */ = {isa = PBXBuildFile; fileRef = 30BC36AD197ADFAF0098F43F /* TCDCrewViewController.m */; };
		30BC36C319803AF00098F43F /* EXPhotoViewer.m in Sources */ = {isa = PBXBuildFile; fileRef = 30BC36C219803AF00098F43F /* EXPhotoViewer.m */; };
		9336988243974B57817B4BA9 /* libPods.a in Frameworks */ = {isa = PBXBuildFile; fileRef = 37F7EA9441914E34859D685F /* libPods.a */; };
		97C35835197FD3E8008D24AC /* TCDSideMenu.m in Sources */ = {isa = PBXBuildFile; fileRef = 97C35834197FD3E8008D24AC /* TCDSideMenu.m */; };
		AB61E9E719CF338C005AC87F /* TCDScrollableViewController.m in Sources */ = {isa = PBXBuildFile; fileRef = AB61E9E619CF338C005AC87F /* TCDScrollableViewController.m */; };
		AB61E9EB19D0BFE7005AC87F /* TCDPrincipesViewController.m in Sources */ = {isa = PBXBuildFile; fileRef = AB61E9EA19D0BFE7005AC87F /* TCDPrincipesViewController.m */; };
		AB61E9EE19D0C378005AC87F /* TCDTermsViewController.m in Sources */ = {isa = PBXBuildFile; fileRef = AB61E9ED19D0C378005AC87F /* TCDTermsViewController.m */; };
		AB61E9F119D0C5EF005AC87F /* UIViewController+BaseExtention.m in Sources */ = {isa = PBXBuildFile; fileRef = AB61E9F019D0C5EF005AC87F /* UIViewController+BaseExtention.m */; };
		AB61E9F519D0E048005AC87F /* UIScrollView+TCDExtention.m in Sources */ = {isa = PBXBuildFile; fileRef = AB61E9F419D0E048005AC87F /* UIScrollView+TCDExtention.m */; };
		ABCADB1519ACF63E00E327B2 /* TCDParser.m in Sources */ = {isa = PBXBuildFile; fileRef = ABCADB1419ACF63E00E327B2 /* TCDParser.m */; };
		ABCADB1A19ACF72700E327B2 /* TCDPhoto.m in Sources */ = {isa = PBXBuildFile; fileRef = ABCADB1919ACF72700E327B2 /* TCDPhoto.m */; };
		ABCADB1D19ACF83400E327B2 /* TCDPhotoAlbum.m in Sources */ = {isa = PBXBuildFile; fileRef = ABCADB1C19ACF83400E327B2 /* TCDPhotoAlbum.m */; };
		ABCADB2019AD098A00E327B2 /* TCDPhotoCollectionViewHeader.m in Sources */ = {isa = PBXBuildFile; fileRef = ABCADB1F19AD098A00E327B2 /* TCDPhotoCollectionViewHeader.m */; };
/* End PBXBuildFile section */

/* Begin PBXContainerItemProxy section */
		30B5584F19728683007C4F80 /* PBXContainerItemProxy */ = {
			isa = PBXContainerItemProxy;
			containerPortal = 30B5582119728683007C4F80 /* Project object */;
			proxyType = 1;
			remoteGlobalIDString = 30B5582819728683007C4F80;
			remoteInfo = ZooHostel;
		};
/* End PBXContainerItemProxy section */

/* Begin PBXFileReference section */
		12E49EBAAAF84759A864418E /* Pods.xcconfig */ = {isa = PBXFileReference; includeInIndex = 1; lastKnownFileType = text.xcconfig; name = Pods.xcconfig; path = Pods/Pods.xcconfig; sourceTree = "<group>"; };
		30B5582919728683007C4F80 /* ZooHostel.app */ = {isa = PBXFileReference; explicitFileType = wrapper.application; includeInIndex = 0; path = ZooHostel.app; sourceTree = BUILT_PRODUCTS_DIR; };
		30B5582C19728683007C4F80 /* Foundation.framework */ = {isa = PBXFileReference; lastKnownFileType = wrapper.framework; name = Foundation.framework; path = System/Library/Frameworks/Foundation.framework; sourceTree = SDKROOT; };
		30B5582E19728683007C4F80 /* CoreGraphics.framework */ = {isa = PBXFileReference; lastKnownFileType = wrapper.framework; name = CoreGraphics.framework; path = System/Library/Frameworks/CoreGraphics.framework; sourceTree = SDKROOT; };
		30B5583019728683007C4F80 /* UIKit.framework */ = {isa = PBXFileReference; lastKnownFileType = wrapper.framework; name = UIKit.framework; path = System/Library/Frameworks/UIKit.framework; sourceTree = SDKROOT; };
		30B5583419728683007C4F80 /* ZooHostel-Info.plist */ = {isa = PBXFileReference; lastKnownFileType = text.plist.xml; path = "ZooHostel-Info.plist"; sourceTree = "<group>"; };
		30B5583619728683007C4F80 /* en */ = {isa = PBXFileReference; lastKnownFileType = text.plist.strings; name = en; path = en.lproj/InfoPlist.strings; sourceTree = "<group>"; };
		30B5583819728683007C4F80 /* main.m */ = {isa = PBXFileReference; lastKnownFileType = sourcecode.c.objc; path = main.m; sourceTree = "<group>"; };
		30B5583A19728683007C4F80 /* ZooHostel-Prefix.pch */ = {isa = PBXFileReference; lastKnownFileType = sourcecode.c.h; path = "ZooHostel-Prefix.pch"; sourceTree = "<group>"; };
		30B5583B19728683007C4F80 /* TCDAppDelegate.h */ = {isa = PBXFileReference; lastKnownFileType = sourcecode.c.h; path = TCDAppDelegate.h; sourceTree = "<group>"; };
		30B5583C19728683007C4F80 /* TCDAppDelegate.m */ = {isa = PBXFileReference; lastKnownFileType = sourcecode.c.objc; path = TCDAppDelegate.m; sourceTree = "<group>"; };
		30B5583F19728683007C4F80 /* Base */ = {isa = PBXFileReference; lastKnownFileType = file.storyboard; name = Base; path = Base.lproj/Main.storyboard; sourceTree = "<group>"; };
		30B5584419728683007C4F80 /* Images.xcassets */ = {isa = PBXFileReference; lastKnownFileType = folder.assetcatalog; path = Images.xcassets; sourceTree = "<group>"; };
		30B5584A19728683007C4F80 /* ZooHostelTests.xctest */ = {isa = PBXFileReference; explicitFileType = wrapper.cfbundle; includeInIndex = 0; path = ZooHostelTests.xctest; sourceTree = BUILT_PRODUCTS_DIR; };
		30B5584B19728683007C4F80 /* XCTest.framework */ = {isa = PBXFileReference; lastKnownFileType = wrapper.framework; name = XCTest.framework; path = Library/Frameworks/XCTest.framework; sourceTree = DEVELOPER_DIR; };
		30B5585319728683007C4F80 /* ZooHostelTests-Info.plist */ = {isa = PBXFileReference; lastKnownFileType = text.plist.xml; path = "ZooHostelTests-Info.plist"; sourceTree = "<group>"; };
		30B5585519728683007C4F80 /* en */ = {isa = PBXFileReference; lastKnownFileType = text.plist.strings; name = en; path = en.lproj/InfoPlist.strings; sourceTree = "<group>"; };
		30B5585719728683007C4F80 /* ZooHostelTests.m */ = {isa = PBXFileReference; lastKnownFileType = sourcecode.c.objc; path = ZooHostelTests.m; sourceTree = "<group>"; };
		30B5586119728B51007C4F80 /* TCDMenuViewController.h */ = {isa = PBXFileReference; fileEncoding = 4; lastKnownFileType = sourcecode.c.h; path = TCDMenuViewController.h; sourceTree = "<group>"; };
		30B5586219728B51007C4F80 /* TCDMenuViewController.m */ = {isa = PBXFileReference; fileEncoding = 4; lastKnownFileType = sourcecode.c.objc; path = TCDMenuViewController.m; sourceTree = "<group>"; };
		30B5586419728D48007C4F80 /* TCDContactsViewController.h */ = {isa = PBXFileReference; fileEncoding = 4; lastKnownFileType = sourcecode.c.h; path = TCDContactsViewController.h; sourceTree = "<group>"; };
		30B5586519728D48007C4F80 /* TCDContactsViewController.m */ = {isa = PBXFileReference; fileEncoding = 4; lastKnownFileType = sourcecode.c.objc; path = TCDContactsViewController.m; sourceTree = "<group>"; };
		30B5586A19729BED007C4F80 /* TCDPhotoViewController.h */ = {isa = PBXFileReference; fileEncoding = 4; lastKnownFileType = sourcecode.c.h; path = TCDPhotoViewController.h; sourceTree = "<group>"; };
		30B5586B19729BED007C4F80 /* TCDPhotoViewController.m */ = {isa = PBXFileReference; fileEncoding = 4; lastKnownFileType = sourcecode.c.objc; path = TCDPhotoViewController.m; sourceTree = "<group>"; };
		30B558701972B34E007C4F80 /* ArrayDataSource.h */ = {isa = PBXFileReference; fileEncoding = 4; lastKnownFileType = sourcecode.c.h; path = ArrayDataSource.h; sourceTree = "<group>"; };
		30B558711972B34E007C4F80 /* ArrayDataSource.m */ = {isa = PBXFileReference; fileEncoding = 4; lastKnownFileType = sourcecode.c.objc; path = ArrayDataSource.m; sourceTree = "<group>"; };
		30B558731972B42C007C4F80 /* ArrayDelegate.h */ = {isa = PBXFileReference; fileEncoding = 4; lastKnownFileType = sourcecode.c.h; path = ArrayDelegate.h; sourceTree = "<group>"; };
		30B558741972B42C007C4F80 /* ArrayDelegate.m */ = {isa = PBXFileReference; fileEncoding = 4; lastKnownFileType = sourcecode.c.objc; path = ArrayDelegate.m; sourceTree = "<group>"; };
		30B558771972B6DF007C4F80 /* Photo.plist */ = {isa = PBXFileReference; fileEncoding = 4; lastKnownFileType = text.plist.xml; path = Photo.plist; sourceTree = "<group>"; };
		30B5587A1972CA25007C4F80 /* TCDPhotoCollectionViewCell.h */ = {isa = PBXFileReference; fileEncoding = 4; lastKnownFileType = sourcecode.c.h; path = TCDPhotoCollectionViewCell.h; sourceTree = "<group>"; };
		30B5587B1972CA25007C4F80 /* TCDPhotoCollectionViewCell.m */ = {isa = PBXFileReference; fileEncoding = 4; lastKnownFileType = sourcecode.c.objc; path = TCDPhotoCollectionViewCell.m; sourceTree = "<group>"; };
		30B5587D19732584007C4F80 /* TCDMainViewController.h */ = {isa = PBXFileReference; fileEncoding = 4; lastKnownFileType = sourcecode.c.h; path = TCDMainViewController.h; sourceTree = "<group>"; };
		30B5587E19732584007C4F80 /* TCDMainViewController.m */ = {isa = PBXFileReference; fileEncoding = 4; lastKnownFileType = sourcecode.c.objc; path = TCDMainViewController.m; sourceTree = "<group>"; };
		30BC36A6197AD7560098F43F /* TCDAboutUsViewController.h */ = {isa = PBXFileReference; fileEncoding = 4; lastKnownFileType = sourcecode.c.h; path = TCDAboutUsViewController.h; sourceTree = "<group>"; };
		30BC36A7197AD7560098F43F /* TCDAboutUsViewController.m */ = {isa = PBXFileReference; fileEncoding = 4; lastKnownFileType = sourcecode.c.objc; path = TCDAboutUsViewController.m; sourceTree = "<group>"; };
		30BC36A9197AD8120098F43F /* TCDProgramTypesViewController.h */ = {isa = PBXFileReference; fileEncoding = 4; lastKnownFileType = sourcecode.c.h; path = TCDProgramTypesViewController.h; sourceTree = "<group>"; };
		30BC36AA197AD8120098F43F /* TCDProgramTypesViewController.m */ = {isa = PBXFileReference; fileEncoding = 4; lastKnownFileType = sourcecode.c.objc; path = TCDProgramTypesViewController.m; sourceTree = "<group>"; };
		30BC36AC197ADFAF0098F43F /* TCDCrewViewController.h */ = {isa = PBXFileReference; fileEncoding = 4; lastKnownFileType = sourcecode.c.h; path = TCDCrewViewController.h; sourceTree = "<group>"; };
		30BC36AD197ADFAF0098F43F /* TCDCrewViewController.m */ = {isa = PBXFileReference; fileEncoding = 4; lastKnownFileType = sourcecode.c.objc; path = TCDCrewViewController.m; sourceTree = "<group>"; };
		30BC36C119803AF00098F43F /* EXPhotoViewer.h */ = {isa = PBXFileReference; fileEncoding = 4; lastKnownFileType = sourcecode.c.h; path = EXPhotoViewer.h; sourceTree = "<group>"; };
		30BC36C219803AF00098F43F /* EXPhotoViewer.m */ = {isa = PBXFileReference; fileEncoding = 4; lastKnownFileType = sourcecode.c.objc; path = EXPhotoViewer.m; sourceTree = "<group>"; };
		37F7EA9441914E34859D685F /* libPods.a */ = {isa = PBXFileReference; explicitFileType = archive.ar; includeInIndex = 0; path = libPods.a; sourceTree = BUILT_PRODUCTS_DIR; };
		97C35833197FD3E8008D24AC /* TCDSideMenu.h */ = {isa = PBXFileReference; fileEncoding = 4; lastKnownFileType = sourcecode.c.h; path = TCDSideMenu.h; sourceTree = "<group>"; };
		97C35834197FD3E8008D24AC /* TCDSideMenu.m */ = {isa = PBXFileReference; fileEncoding = 4; lastKnownFileType = sourcecode.c.objc; path = TCDSideMenu.m; sourceTree = "<group>"; };
		AB61E9E519CF338C005AC87F /* TCDScrollableViewController.h */ = {isa = PBXFileReference; fileEncoding = 4; lastKnownFileType = sourcecode.c.h; path = TCDScrollableViewController.h; sourceTree = "<group>"; };
		AB61E9E619CF338C005AC87F /* TCDScrollableViewController.m */ = {isa = PBXFileReference; fileEncoding = 4; lastKnownFileType = sourcecode.c.objc; path = TCDScrollableViewController.m; sourceTree = "<group>"; };
		AB61E9E919D0BFE7005AC87F /* TCDPrincipesViewController.h */ = {isa = PBXFileReference; fileEncoding = 4; lastKnownFileType = sourcecode.c.h; path = TCDPrincipesViewController.h; sourceTree = "<group>"; };
		AB61E9EA19D0BFE7005AC87F /* TCDPrincipesViewController.m */ = {isa = PBXFileReference; fileEncoding = 4; lastKnownFileType = sourcecode.c.objc; path = TCDPrincipesViewController.m; sourceTree = "<group>"; };
		AB61E9EC19D0C378005AC87F /* TCDTermsViewController.h */ = {isa = PBXFileReference; fileEncoding = 4; lastKnownFileType = sourcecode.c.h; path = TCDTermsViewController.h; sourceTree = "<group>"; };
		AB61E9ED19D0C378005AC87F /* TCDTermsViewController.m */ = {isa = PBXFileReference; fileEncoding = 4; lastKnownFileType = sourcecode.c.objc; path = TCDTermsViewController.m; sourceTree = "<group>"; };
		AB61E9EF19D0C5EF005AC87F /* UIViewController+BaseExtention.h */ = {isa = PBXFileReference; fileEncoding = 4; lastKnownFileType = sourcecode.c.h; path = "UIViewController+BaseExtention.h"; sourceTree = "<group>"; };
		AB61E9F019D0C5EF005AC87F /* UIViewController+BaseExtention.m */ = {isa = PBXFileReference; fileEncoding = 4; lastKnownFileType = sourcecode.c.objc; path = "UIViewController+BaseExtention.m"; sourceTree = "<group>"; };
		AB61E9F319D0E048005AC87F /* UIScrollView+TCDExtention.h */ = {isa = PBXFileReference; fileEncoding = 4; lastKnownFileType = sourcecode.c.h; path = "UIScrollView+TCDExtention.h"; sourceTree = "<group>"; };
		AB61E9F419D0E048005AC87F /* UIScrollView+TCDExtention.m */ = {isa = PBXFileReference; fileEncoding = 4; lastKnownFileType = sourcecode.c.objc; path = "UIScrollView+TCDExtention.m"; sourceTree = "<group>"; };
		ABCADB1319ACF63E00E327B2 /* TCDParser.h */ = {isa = PBXFileReference; fileEncoding = 4; lastKnownFileType = sourcecode.c.h; path = TCDParser.h; sourceTree = "<group>"; };
		ABCADB1419ACF63E00E327B2 /* TCDParser.m */ = {isa = PBXFileReference; fileEncoding = 4; lastKnownFileType = sourcecode.c.objc; path = TCDParser.m; sourceTree = "<group>"; };
		ABCADB1819ACF72700E327B2 /* TCDPhoto.h */ = {isa = PBXFileReference; fileEncoding = 4; lastKnownFileType = sourcecode.c.h; path = TCDPhoto.h; sourceTree = "<group>"; };
		ABCADB1919ACF72700E327B2 /* TCDPhoto.m */ = {isa = PBXFileReference; fileEncoding = 4; lastKnownFileType = sourcecode.c.objc; path = TCDPhoto.m; sourceTree = "<group>"; };
		ABCADB1B19ACF83400E327B2 /* TCDPhotoAlbum.h */ = {isa = PBXFileReference; fileEncoding = 4; lastKnownFileType = sourcecode.c.h; path = TCDPhotoAlbum.h; sourceTree = "<group>"; };
		ABCADB1C19ACF83400E327B2 /* TCDPhotoAlbum.m */ = {isa = PBXFileReference; fileEncoding = 4; lastKnownFileType = sourcecode.c.objc; path = TCDPhotoAlbum.m; sourceTree = "<group>"; };
		ABCADB1E19AD098A00E327B2 /* TCDPhotoCollectionViewHeader.h */ = {isa = PBXFileReference; fileEncoding = 4; lastKnownFileType = sourcecode.c.h; path = TCDPhotoCollectionViewHeader.h; sourceTree = "<group>"; };
		ABCADB1F19AD098A00E327B2 /* TCDPhotoCollectionViewHeader.m */ = {isa = PBXFileReference; fileEncoding = 4; lastKnownFileType = sourcecode.c.objc; path = TCDPhotoCollectionViewHeader.m; sourceTree = "<group>"; };
/* End PBXFileReference section */

/* Begin PBXFrameworksBuildPhase section */
		30B5582619728683007C4F80 /* Frameworks */ = {
			isa = PBXFrameworksBuildPhase;
			buildActionMask = 2147483647;
			files = (
				30B5582F19728683007C4F80 /* CoreGraphics.framework in Frameworks */,
				30B5583119728683007C4F80 /* UIKit.framework in Frameworks */,
				30B5582D19728683007C4F80 /* Foundation.framework in Frameworks */,
				9336988243974B57817B4BA9 /* libPods.a in Frameworks */,
			);
			runOnlyForDeploymentPostprocessing = 0;
		};
		30B5584719728683007C4F80 /* Frameworks */ = {
			isa = PBXFrameworksBuildPhase;
			buildActionMask = 2147483647;
			files = (
				30B5584C19728683007C4F80 /* XCTest.framework in Frameworks */,
				30B5584E19728683007C4F80 /* UIKit.framework in Frameworks */,
				30B5584D19728683007C4F80 /* Foundation.framework in Frameworks */,
			);
			runOnlyForDeploymentPostprocessing = 0;
		};
/* End PBXFrameworksBuildPhase section */

/* Begin PBXGroup section */
		30B5582019728683007C4F80 = {
			isa = PBXGroup;
			children = (
				30B5583219728683007C4F80 /* ZooHostel */,
				30B5585119728683007C4F80 /* ZooHostelTests */,
				30B5582B19728683007C4F80 /* Frameworks */,
				30B5582A19728683007C4F80 /* Products */,
				12E49EBAAAF84759A864418E /* Pods.xcconfig */,
			);
			sourceTree = "<group>";
		};
		30B5582A19728683007C4F80 /* Products */ = {
			isa = PBXGroup;
			children = (
				30B5582919728683007C4F80 /* ZooHostel.app */,
				30B5584A19728683007C4F80 /* ZooHostelTests.xctest */,
			);
			name = Products;
			sourceTree = "<group>";
		};
		30B5582B19728683007C4F80 /* Frameworks */ = {
			isa = PBXGroup;
			children = (
				30B5582C19728683007C4F80 /* Foundation.framework */,
				30B5582E19728683007C4F80 /* CoreGraphics.framework */,
				30B5583019728683007C4F80 /* UIKit.framework */,
				30B5584B19728683007C4F80 /* XCTest.framework */,
				37F7EA9441914E34859D685F /* libPods.a */,
			);
			name = Frameworks;
			sourceTree = "<group>";
		};
		30B5583219728683007C4F80 /* ZooHostel */ = {
			isa = PBXGroup;
			children = (
				30B5583B19728683007C4F80 /* TCDAppDelegate.h */,
				30B5583C19728683007C4F80 /* TCDAppDelegate.m */,
				30B5583E19728683007C4F80 /* Main.storyboard */,
				97C35833197FD3E8008D24AC /* TCDSideMenu.h */,
				97C35834197FD3E8008D24AC /* TCDSideMenu.m */,
				30BC36C119803AF00098F43F /* EXPhotoViewer.h */,
				30BC36C219803AF00098F43F /* EXPhotoViewer.m */,
				AB61E9F219D0E026005AC87F /* Categories */,
				AB61E9E819D0AE88005AC87F /* ParrentControllers */,
				30B558761972B434007C4F80 /* ArrayManage */,
				30B5586119728B51007C4F80 /* TCDMenuViewController.h */,
				30B5586219728B51007C4F80 /* TCDMenuViewController.m */,
				30B5587D19732584007C4F80 /* TCDMainViewController.h */,
				30B5587E19732584007C4F80 /* TCDMainViewController.m */,
				30BC36A6197AD7560098F43F /* TCDAboutUsViewController.h */,
				30BC36A7197AD7560098F43F /* TCDAboutUsViewController.m */,
				30BC36A9197AD8120098F43F /* TCDProgramTypesViewController.h */,
				30BC36AA197AD8120098F43F /* TCDProgramTypesViewController.m */,
				30BC36AC197ADFAF0098F43F /* TCDCrewViewController.h */,
				30BC36AD197ADFAF0098F43F /* TCDCrewViewController.m */,
				AB61E9E919D0BFE7005AC87F /* TCDPrincipesViewController.h */,
				AB61E9EA19D0BFE7005AC87F /* TCDPrincipesViewController.m */,
				AB61E9EC19D0C378005AC87F /* TCDTermsViewController.h */,
				AB61E9ED19D0C378005AC87F /* TCDTermsViewController.m */,
				30B5586419728D48007C4F80 /* TCDContactsViewController.h */,
				30B5586519728D48007C4F80 /* TCDContactsViewController.m */,
				30B5586A19729BED007C4F80 /* TCDPhotoViewController.h */,
				30B5586B19729BED007C4F80 /* TCDPhotoViewController.m */,
				ABCADB1719ACF70B00E327B2 /* Model */,
				ABCADB1619ACF67B00E327B2 /* Parser */,
				30B558791972CA06007C4F80 /* Cells */,
				30B558771972B6DF007C4F80 /* Photo.plist */,
				30B5584419728683007C4F80 /* Images.xcassets */,
				30B5583319728683007C4F80 /* Supporting Files */,
			);
			path = ZooHostel;
			sourceTree = "<group>";
		};
		30B5583319728683007C4F80 /* Supporting Files */ = {
			isa = PBXGroup;
			children = (
				30B5583419728683007C4F80 /* ZooHostel-Info.plist */,
				30B5583519728683007C4F80 /* InfoPlist.strings */,
				30B5583819728683007C4F80 /* main.m */,
				30B5583A19728683007C4F80 /* ZooHostel-Prefix.pch */,
			);
			name = "Supporting Files";
			sourceTree = "<group>";
		};
		30B5585119728683007C4F80 /* ZooHostelTests */ = {
			isa = PBXGroup;
			children = (
				30B5585719728683007C4F80 /* ZooHostelTests.m */,
				30B5585219728683007C4F80 /* Supporting Files */,
			);
			path = ZooHostelTests;
			sourceTree = "<group>";
		};
		30B5585219728683007C4F80 /* Supporting Files */ = {
			isa = PBXGroup;
			children = (
				30B5585319728683007C4F80 /* ZooHostelTests-Info.plist */,
				30B5585419728683007C4F80 /* InfoPlist.strings */,
			);
			name = "Supporting Files";
			sourceTree = "<group>";
		};
		30B558761972B434007C4F80 /* ArrayManage */ = {
			isa = PBXGroup;
			children = (
				30B558701972B34E007C4F80 /* ArrayDataSource.h */,
				30B558711972B34E007C4F80 /* ArrayDataSource.m */,
				30B558731972B42C007C4F80 /* ArrayDelegate.h */,
				30B558741972B42C007C4F80 /* ArrayDelegate.m */,
			);
			name = ArrayManage;
			sourceTree = "<group>";
		};
		30B558791972CA06007C4F80 /* Cells */ = {
			isa = PBXGroup;
			children = (
				30B5587A1972CA25007C4F80 /* TCDPhotoCollectionViewCell.h */,
				30B5587B1972CA25007C4F80 /* TCDPhotoCollectionViewCell.m */,
				ABCADB1E19AD098A00E327B2 /* TCDPhotoCollectionViewHeader.h */,
				ABCADB1F19AD098A00E327B2 /* TCDPhotoCollectionViewHeader.m */,
			);
			name = Cells;
			sourceTree = "<group>";
		};
		AB61E9E819D0AE88005AC87F /* ParrentControllers */ = {
			isa = PBXGroup;
			children = (
				AB61E9E519CF338C005AC87F /* TCDScrollableViewController.h */,
				AB61E9E619CF338C005AC87F /* TCDScrollableViewController.m */,
				AB61E9EF19D0C5EF005AC87F /* UIViewController+BaseExtention.h */,
				AB61E9F019D0C5EF005AC87F /* UIViewController+BaseExtention.m */,
			);
			name = ParrentControllers;
			sourceTree = "<group>";
		};
		AB61E9F219D0E026005AC87F /* Categories */ = {
			isa = PBXGroup;
			children = (
				AB61E9F319D0E048005AC87F /* UIScrollView+TCDExtention.h */,
				AB61E9F419D0E048005AC87F /* UIScrollView+TCDExtention.m */,
			);
			name = Categories;
			sourceTree = "<group>";
		};
		ABCADB1619ACF67B00E327B2 /* Parser */ = {
			isa = PBXGroup;
			children = (
				ABCADB1319ACF63E00E327B2 /* TCDParser.h */,
				ABCADB1419ACF63E00E327B2 /* TCDParser.m */,
			);
			name = Parser;
			sourceTree = "<group>";
		};
		ABCADB1719ACF70B00E327B2 /* Model */ = {
			isa = PBXGroup;
			children = (
				ABCADB1819ACF72700E327B2 /* TCDPhoto.h */,
				ABCADB1919ACF72700E327B2 /* TCDPhoto.m */,
				ABCADB1B19ACF83400E327B2 /* TCDPhotoAlbum.h */,
				ABCADB1C19ACF83400E327B2 /* TCDPhotoAlbum.m */,
			);
			name = Model;
			sourceTree = "<group>";
		};
/* End PBXGroup section */

/* Begin PBXNativeTarget section */
		30B5582819728683007C4F80 /* ZooHostel */ = {
			isa = PBXNativeTarget;
			buildConfigurationList = 30B5585B19728683007C4F80 /* Build configuration list for PBXNativeTarget "ZooHostel" */;
			buildPhases = (
				0DE42675B9B44EDFB5A1CA36 /* Check Pods Manifest.lock */,
				30B5582519728683007C4F80 /* Sources */,
				30B5582619728683007C4F80 /* Frameworks */,
				30B5582719728683007C4F80 /* Resources */,
				78CE8642ABAB4565BB246E1C /* Copy Pods Resources */,
			);
			buildRules = (
			);
			dependencies = (
			);
			name = ZooHostel;
			productName = ZooHostel;
			productReference = 30B5582919728683007C4F80 /* ZooHostel.app */;
			productType = "com.apple.product-type.application";
		};
		30B5584919728683007C4F80 /* ZooHostelTests */ = {
			isa = PBXNativeTarget;
			buildConfigurationList = 30B5585E19728683007C4F80 /* Build configuration list for PBXNativeTarget "ZooHostelTests" */;
			buildPhases = (
				30B5584619728683007C4F80 /* Sources */,
				30B5584719728683007C4F80 /* Frameworks */,
				30B5584819728683007C4F80 /* Resources */,
			);
			buildRules = (
			);
			dependencies = (
				30B5585019728683007C4F80 /* PBXTargetDependency */,
			);
			name = ZooHostelTests;
			productName = ZooHostelTests;
			productReference = 30B5584A19728683007C4F80 /* ZooHostelTests.xctest */;
			productType = "com.apple.product-type.bundle.unit-test";
		};
/* End PBXNativeTarget section */

/* Begin PBXProject section */
		30B5582119728683007C4F80 /* Project object */ = {
			isa = PBXProject;
			attributes = {
				CLASSPREFIX = TCD;
				LastUpgradeCheck = 0510;
				ORGANIZATIONNAME = "Dmitri Doroschuk";
				TargetAttributes = {
					30B5582819728683007C4F80 = {
						DevelopmentTeam = 6TWG7MTXRP;
					};
					30B5584919728683007C4F80 = {
						TestTargetID = 30B5582819728683007C4F80;
					};
				};
			};
			buildConfigurationList = 30B5582419728683007C4F80 /* Build configuration list for PBXProject "ZooHostel" */;
			compatibilityVersion = "Xcode 3.2";
			developmentRegion = English;
			hasScannedForEncodings = 0;
			knownRegions = (
				en,
				Base,
			);
			mainGroup = 30B5582019728683007C4F80;
			productRefGroup = 30B5582A19728683007C4F80 /* Products */;
			projectDirPath = "";
			projectRoot = "";
			targets = (
				30B5582819728683007C4F80 /* ZooHostel */,
				30B5584919728683007C4F80 /* ZooHostelTests */,
			);
		};
/* End PBXProject section */

/* Begin PBXResourcesBuildPhase section */
		30B5582719728683007C4F80 /* Resources */ = {
			isa = PBXResourcesBuildPhase;
			buildActionMask = 2147483647;
			files = (
				30B5584519728683007C4F80 /* Images.xcassets in Resources */,
				30B5583719728683007C4F80 /* InfoPlist.strings in Resources */,
				30B5584019728683007C4F80 /* Main.storyboard in Resources */,
				30B558781972B6DF007C4F80 /* Photo.plist in Resources */,
			);
			runOnlyForDeploymentPostprocessing = 0;
		};
		30B5584819728683007C4F80 /* Resources */ = {
			isa = PBXResourcesBuildPhase;
			buildActionMask = 2147483647;
			files = (
				30B5585619728683007C4F80 /* InfoPlist.strings in Resources */,
			);
			runOnlyForDeploymentPostprocessing = 0;
		};
/* End PBXResourcesBuildPhase section */

/* Begin PBXShellScriptBuildPhase section */
		0DE42675B9B44EDFB5A1CA36 /* Check Pods Manifest.lock */ = {
			isa = PBXShellScriptBuildPhase;
			buildActionMask = 2147483647;
			files = (
			);
			inputPaths = (
			);
			name = "Check Pods Manifest.lock";
			outputPaths = (
			);
			runOnlyForDeploymentPostprocessing = 0;
			shellPath = /bin/sh;
			shellScript = "diff \"${PODS_ROOT}/../Podfile.lock\" \"${PODS_ROOT}/Manifest.lock\" > /dev/null\nif [[ $? != 0 ]] ; then\n    cat << EOM\nerror: The sandbox is not in sync with the Podfile.lock. Run 'pod install' or update your CocoaPods installation.\nEOM\n    exit 1\nfi\n";
			showEnvVarsInLog = 0;
		};
		78CE8642ABAB4565BB246E1C /* Copy Pods Resources */ = {
			isa = PBXShellScriptBuildPhase;
			buildActionMask = 2147483647;
			files = (
			);
			inputPaths = (
			);
			name = "Copy Pods Resources";
			outputPaths = (
			);
			runOnlyForDeploymentPostprocessing = 0;
			shellPath = /bin/sh;
			shellScript = "\"${SRCROOT}/Pods/Pods-resources.sh\"\n";
			showEnvVarsInLog = 0;
		};
/* End PBXShellScriptBuildPhase section */

/* Begin PBXSourcesBuildPhase section */
		30B5582519728683007C4F80 /* Sources */ = {
			isa = PBXSourcesBuildPhase;
			buildActionMask = 2147483647;
			files = (
				30B5587C1972CA25007C4F80 /* TCDPhotoCollectionViewCell.m in Sources */,
				97C35835197FD3E8008D24AC /* TCDSideMenu.m in Sources */,
				AB61E9EE19D0C378005AC87F /* TCDTermsViewController.m in Sources */,
				AB61E9E719CF338C005AC87F /* TCDScrollableViewController.m in Sources */,
				30BC36AB197AD8120098F43F /* TCDProgramTypesViewController.m in Sources */,
				30B5583D19728683007C4F80 /* TCDAppDelegate.m in Sources */,
				AB61E9F119D0C5EF005AC87F /* UIViewController+BaseExtention.m in Sources */,
				30BC36A8197AD7560098F43F /* TCDAboutUsViewController.m in Sources */,
				AB61E9F519D0E048005AC87F /* UIScrollView+TCDExtention.m in Sources */,
				30B5586C19729BED007C4F80 /* TCDPhotoViewController.m in Sources */,
				ABCADB2019AD098A00E327B2 /* TCDPhotoCollectionViewHeader.m in Sources */,
				30B558721972B34E007C4F80 /* ArrayDataSource.m in Sources */,
				ABCADB1D19ACF83400E327B2 /* TCDPhotoAlbum.m in Sources */,
				AB61E9EB19D0BFE7005AC87F /* TCDPrincipesViewController.m in Sources */,
				30B5583919728683007C4F80 /* main.m in Sources */,
				30B558751972B42C007C4F80 /* ArrayDelegate.m in Sources */,
				30BC36C319803AF00098F43F /* EXPhotoViewer.m in Sources */,
				ABCADB1A19ACF72700E327B2 /* TCDPhoto.m in Sources */,
				ABCADB1519ACF63E00E327B2 /* TCDParser.m in Sources */,
				30B5587F19732584007C4F80 /* TCDMainViewController.m in Sources */,
				30B5586319728B51007C4F80 /* TCDMenuViewController.m in Sources */,
				30B5586619728D48007C4F80 /* TCDContactsViewController.m in Sources */,
				30BC36AE197ADFAF0098F43F /* TCDCrewViewController.m in Sources */,
			);
			runOnlyForDeploymentPostprocessing = 0;
		};
		30B5584619728683007C4F80 /* Sources */ = {
			isa = PBXSourcesBuildPhase;
			buildActionMask = 2147483647;
			files = (
				30B5585819728683007C4F80 /* ZooHostelTests.m in Sources */,
			);
			runOnlyForDeploymentPostprocessing = 0;
		};
/* End PBXSourcesBuildPhase section */

/* Begin PBXTargetDependency section */
		30B5585019728683007C4F80 /* PBXTargetDependency */ = {
			isa = PBXTargetDependency;
			target = 30B5582819728683007C4F80 /* ZooHostel */;
			targetProxy = 30B5584F19728683007C4F80 /* PBXContainerItemProxy */;
		};
/* End PBXTargetDependency section */

/* Begin PBXVariantGroup section */
		30B5583519728683007C4F80 /* InfoPlist.strings */ = {
			isa = PBXVariantGroup;
			children = (
				30B5583619728683007C4F80 /* en */,
			);
			name = InfoPlist.strings;
			sourceTree = "<group>";
		};
		30B5583E19728683007C4F80 /* Main.storyboard */ = {
			isa = PBXVariantGroup;
			children = (
				30B5583F19728683007C4F80 /* Base */,
			);
			name = Main.storyboard;
			sourceTree = "<group>";
		};
		30B5585419728683007C4F80 /* InfoPlist.strings */ = {
			isa = PBXVariantGroup;
			children = (
				30B5585519728683007C4F80 /* en */,
			);
			name = InfoPlist.strings;
			sourceTree = "<group>";
		};
/* End PBXVariantGroup section */

/* Begin XCBuildConfiguration section */
		30B5585919728683007C4F80 /* Debug */ = {
			isa = XCBuildConfiguration;
			buildSettings = {
				ALWAYS_SEARCH_USER_PATHS = NO;
				CLANG_CXX_LANGUAGE_STANDARD = "gnu++0x";
				CLANG_CXX_LIBRARY = "libc++";
				CLANG_ENABLE_MODULES = YES;
				CLANG_ENABLE_OBJC_ARC = YES;
				CLANG_WARN_BOOL_CONVERSION = YES;
				CLANG_WARN_CONSTANT_CONVERSION = YES;
				CLANG_WARN_DIRECT_OBJC_ISA_USAGE = YES_ERROR;
				CLANG_WARN_EMPTY_BODY = YES;
				CLANG_WARN_ENUM_CONVERSION = YES;
				CLANG_WARN_INT_CONVERSION = YES;
				CLANG_WARN_OBJC_ROOT_CLASS = YES_ERROR;
				CLANG_WARN__DUPLICATE_METHOD_MATCH = YES;
				CODE_SIGN_IDENTITY = "iPhone Developer: Dmitry Doroschuk (F9Z4XZ4PC7)";
				"CODE_SIGN_IDENTITY[sdk=iphoneos*]" = "iPhone Developer: Dmitry Doroschuk (F9Z4XZ4PC7)";
				COPY_PHASE_STRIP = NO;
				GCC_C_LANGUAGE_STANDARD = gnu99;
				GCC_DYNAMIC_NO_PIC = NO;
				GCC_OPTIMIZATION_LEVEL = 0;
				GCC_PREPROCESSOR_DEFINITIONS = (
					"DEBUG=1",
					"$(inherited)",
				);
				GCC_SYMBOLS_PRIVATE_EXTERN = NO;
				GCC_WARN_64_TO_32_BIT_CONVERSION = YES;
				GCC_WARN_ABOUT_RETURN_TYPE = YES_ERROR;
				GCC_WARN_UNDECLARED_SELECTOR = YES;
				GCC_WARN_UNINITIALIZED_AUTOS = YES_AGGRESSIVE;
				GCC_WARN_UNUSED_FUNCTION = YES;
				GCC_WARN_UNUSED_VARIABLE = YES;
				IPHONEOS_DEPLOYMENT_TARGET = 7.1;
				ONLY_ACTIVE_ARCH = YES;
				SDKROOT = iphoneos;
			};
			name = Debug;
		};
		30B5585A19728683007C4F80 /* Release */ = {
			isa = XCBuildConfiguration;
			buildSettings = {
				ALWAYS_SEARCH_USER_PATHS = NO;
				CLANG_CXX_LANGUAGE_STANDARD = "gnu++0x";
				CLANG_CXX_LIBRARY = "libc++";
				CLANG_ENABLE_MODULES = YES;
				CLANG_ENABLE_OBJC_ARC = YES;
				CLANG_WARN_BOOL_CONVERSION = YES;
				CLANG_WARN_CONSTANT_CONVERSION = YES;
				CLANG_WARN_DIRECT_OBJC_ISA_USAGE = YES_ERROR;
				CLANG_WARN_EMPTY_BODY = YES;
				CLANG_WARN_ENUM_CONVERSION = YES;
				CLANG_WARN_INT_CONVERSION = YES;
				CLANG_WARN_OBJC_ROOT_CLASS = YES_ERROR;
				CLANG_WARN__DUPLICATE_METHOD_MATCH = YES;
				CODE_SIGN_IDENTITY = "iPhone Developer: Dmitry Doroschuk (F9Z4XZ4PC7)";
				"CODE_SIGN_IDENTITY[sdk=iphoneos*]" = "iPhone Developer: Dmitry Doroschuk (F9Z4XZ4PC7)";
				COPY_PHASE_STRIP = YES;
				ENABLE_NS_ASSERTIONS = NO;
				GCC_C_LANGUAGE_STANDARD = gnu99;
				GCC_WARN_64_TO_32_BIT_CONVERSION = YES;
				GCC_WARN_ABOUT_RETURN_TYPE = YES_ERROR;
				GCC_WARN_UNDECLARED_SELECTOR = YES;
				GCC_WARN_UNINITIALIZED_AUTOS = YES_AGGRESSIVE;
				GCC_WARN_UNUSED_FUNCTION = YES;
				GCC_WARN_UNUSED_VARIABLE = YES;
				IPHONEOS_DEPLOYMENT_TARGET = 7.1;
				SDKROOT = iphoneos;
				VALIDATE_PRODUCT = YES;
			};
			name = Release;
		};
		30B5585C19728683007C4F80 /* Debug */ = {
			isa = XCBuildConfiguration;
			baseConfigurationReference = 12E49EBAAAF84759A864418E /* Pods.xcconfig */;
			buildSettings = {
				ASSETCATALOG_COMPILER_APPICON_NAME = AppIcon;
				ASSETCATALOG_COMPILER_LAUNCHIMAGE_NAME = LaunchImage;
				CODE_SIGN_IDENTITY = "iPhone Developer";
				"CODE_SIGN_IDENTITY[sdk=iphoneos*]" = "iPhone Developer";
				GCC_PRECOMPILE_PREFIX_HEADER = YES;
				GCC_PREFIX_HEADER = "ZooHostel/ZooHostel-Prefix.pch";
				INFOPLIST_FILE = "ZooHostel/ZooHostel-Info.plist";
				PRODUCT_NAME = "$(TARGET_NAME)";
				PROVISIONING_PROFILE = "74096D57-3EC7-40EE-8C6E-95C2577C1CBE";
				TARGETED_DEVICE_FAMILY = "1,2";
				WRAPPER_EXTENSION = app;
			};
			name = Debug;
		};
		30B5585D19728683007C4F80 /* Release */ = {
			isa = XCBuildConfiguration;
			baseConfigurationReference = 12E49EBAAAF84759A864418E /* Pods.xcconfig */;
			buildSettings = {
				ASSETCATALOG_COMPILER_APPICON_NAME = AppIcon;
				ASSETCATALOG_COMPILER_LAUNCHIMAGE_NAME = LaunchImage;
				CODE_SIGN_IDENTITY = "iPhone Developer";
				"CODE_SIGN_IDENTITY[sdk=iphoneos*]" = "iPhone Developer";
				GCC_PRECOMPILE_PREFIX_HEADER = YES;
				GCC_PREFIX_HEADER = "ZooHostel/ZooHostel-Prefix.pch";
				INFOPLIST_FILE = "ZooHostel/ZooHostel-Info.plist";
				ONLY_ACTIVE_ARCH = NO;
				PRODUCT_NAME = "$(TARGET_NAME)";
				PROVISIONING_PROFILE = "74096D57-3EC7-40EE-8C6E-95C2577C1CBE";
				TARGETED_DEVICE_FAMILY = "1,2";
				WRAPPER_EXTENSION = app;
			};
			name = Release;
		};
		30B5585F19728683007C4F80 /* Debug */ = {
			isa = XCBuildConfiguration;
			buildSettings = {
				BUNDLE_LOADER = "$(BUILT_PRODUCTS_DIR)/ZooHostel.app/ZooHostel";
				FRAMEWORK_SEARCH_PATHS = (
					"$(SDKROOT)/Developer/Library/Frameworks",
					"$(inherited)",
					"$(DEVELOPER_FRAMEWORKS_DIR)",
				);
				GCC_PRECOMPILE_PREFIX_HEADER = YES;
				GCC_PREFIX_HEADER = "ZooHostel/ZooHostel-Prefix.pch";
				GCC_PREPROCESSOR_DEFINITIONS = (
					"DEBUG=1",
					"$(inherited)",
				);
				INFOPLIST_FILE = "ZooHostelTests/ZooHostelTests-Info.plist";
				PRODUCT_NAME = "$(TARGET_NAME)";
				TEST_HOST = "$(BUNDLE_LOADER)";
				WRAPPER_EXTENSION = xctest;
			};
			name = Debug;
		};
		30B5586019728683007C4F80 /* Release */ = {
			isa = XCBuildConfiguration;
			buildSettings = {
				BUNDLE_LOADER = "$(BUILT_PRODUCTS_DIR)/ZooHostel.app/ZooHostel";
				FRAMEWORK_SEARCH_PATHS = (
					"$(SDKROOT)/Developer/Library/Frameworks",
					"$(inherited)",
					"$(DEVELOPER_FRAMEWORKS_DIR)",
				);
				GCC_PRECOMPILE_PREFIX_HEADER = YES;
				GCC_PREFIX_HEADER = "ZooHostel/ZooHostel-Prefix.pch";
				INFOPLIST_FILE = "ZooHostelTests/ZooHostelTests-Info.plist";
				PRODUCT_NAME = "$(TARGET_NAME)";
				TEST_HOST = "$(BUNDLE_LOADER)";
				WRAPPER_EXTENSION = xctest;
			};
			name = Release;
		};
/* End XCBuildConfiguration section */

/* Begin XCConfigurationList section */
		30B5582419728683007C4F80 /* Build configuration list for PBXProject "ZooHostel" */ = {
			isa = XCConfigurationList;
			buildConfigurations = (
				30B5585919728683007C4F80 /* Debug */,
				30B5585A19728683007C4F80 /* Release */,
			);
			defaultConfigurationIsVisible = 0;
			defaultConfigurationName = Release;
		};
		30B5585B19728683007C4F80 /* Build configuration list for PBXNativeTarget "ZooHostel" */ = {
			isa = XCConfigurationList;
			buildConfigurations = (
				30B5585C19728683007C4F80 /* Debug */,
				30B5585D19728683007C4F80 /* Release */,
			);
			defaultConfigurationIsVisible = 0;
			defaultConfigurationName = Release;
		};
		30B5585E19728683007C4F80 /* Build configuration list for PBXNativeTarget "ZooHostelTests" */ = {
			isa = XCConfigurationList;
			buildConfigurations = (
				30B5585F19728683007C4F80 /* Debug */,
				30B5586019728683007C4F80 /* Release */,
			);
			defaultConfigurationIsVisible = 0;
			defaultConfigurationName = Release;
		};
/* End XCConfigurationList section */
	};
	rootObject = 30B5582119728683007C4F80 /* Project object */;
}
